// !$*UTF8*$!
{
	archiveVersion = 1;
	classes = {
	};
	objectVersion = 50;
	objects = {

/* Begin PBXBuildFile section */
		C93109CE234B9F3D0070CD9A /* libIOsonata_OSX.a in Frameworks */ = {isa = PBXBuildFile; fileRef = C93109CD234B9DCF0070CD9A /* libIOsonata_OSX.a */; };
		C9741F932360A190007CDDDB /* uart_slip_prbs_rx.cpp in Sources */ = {isa = PBXBuildFile; fileRef = C9741F922360A190007CDDDB /* uart_slip_prbs_rx.cpp */; };
/* End PBXBuildFile section */

/* Begin PBXCopyFilesBuildPhase section */
		C93109C0234B9D990070CD9A /* CopyFiles */ = {
			isa = PBXCopyFilesBuildPhase;
			buildActionMask = 2147483647;
			dstPath = /usr/share/man/man1/;
			dstSubfolderSpec = 0;
			files = (
			);
			runOnlyForDeploymentPostprocessing = 1;
		};
/* End PBXCopyFilesBuildPhase section */

/* Begin PBXFileReference section */
		C93109C2234B9D990070CD9A /* UartSlipPrbsRxTest */ = {isa = PBXFileReference; explicitFileType = "compiled.mach-o.executable"; includeInIndex = 0; path = UartSlipPrbsRxTest; sourceTree = BUILT_PRODUCTS_DIR; };
		C93109CD234B9DCF0070CD9A /* libIOsonata_OSX.a */ = {isa = PBXFileReference; lastKnownFileType = archive.ar; name = libIOsonata_OSX.a; path = ../../lib/DerivedData/IOsonata_OSX/Build/Products/Debug/libIOsonata_OSX.a; sourceTree = "<group>"; };
		C9741F9123609F67007CDDDB /* board.h */ = {isa = PBXFileReference; fileEncoding = 4; lastKnownFileType = sourcecode.c.h; name = board.h; path = UartSlipPrbsRxTest/board.h; sourceTree = SOURCE_ROOT; };
		C9741F922360A190007CDDDB /* uart_slip_prbs_rx.cpp */ = {isa = PBXFileReference; fileEncoding = 4; lastKnownFileType = sourcecode.cpp.cpp; name = uart_slip_prbs_rx.cpp; path = ../../../../exemples/uart/uart_slip_prbs_rx.cpp; sourceTree = "<group>"; };
/* End PBXFileReference section */

/* Begin PBXFrameworksBuildPhase section */
		C93109BF234B9D990070CD9A /* Frameworks */ = {
			isa = PBXFrameworksBuildPhase;
			buildActionMask = 2147483647;
			files = (
				C93109CE234B9F3D0070CD9A /* libIOsonata_OSX.a in Frameworks */,
			);
			runOnlyForDeploymentPostprocessing = 0;
		};
/* End PBXFrameworksBuildPhase section */

/* Begin PBXGroup section */
		C93109B9234B9D990070CD9A = {
			isa = PBXGroup;
			children = (
				C93109C4234B9D990070CD9A /* UartSlipPrbsRxTest */,
				C93109C3234B9D990070CD9A /* Products */,
				C93109CC234B9DCF0070CD9A /* Frameworks */,
			);
			sourceTree = "<group>";
		};
		C93109C3234B9D990070CD9A /* Products */ = {
			isa = PBXGroup;
			children = (
				C93109C2234B9D990070CD9A /* UartSlipPrbsRxTest */,
			);
			name = Products;
			sourceTree = "<group>";
		};
		C93109C4234B9D990070CD9A /* UartSlipPrbsRxTest */ = {
			isa = PBXGroup;
			children = (
				C9741F922360A190007CDDDB /* uart_slip_prbs_rx.cpp */,
				C9741F9123609F67007CDDDB /* board.h */,
			);
			path = UartSlipPrbsRxTest;
			sourceTree = "<group>";
		};
		C93109CC234B9DCF0070CD9A /* Frameworks */ = {
			isa = PBXGroup;
			children = (
				C93109CD234B9DCF0070CD9A /* libIOsonata_OSX.a */,
			);
			name = Frameworks;
			sourceTree = "<group>";
		};
/* End PBXGroup section */

/* Begin PBXNativeTarget section */
		C93109C1234B9D990070CD9A /* UartSlipPrbsRxTest */ = {
			isa = PBXNativeTarget;
			buildConfigurationList = C93109C9234B9D990070CD9A /* Build configuration list for PBXNativeTarget "UartSlipPrbsRxTest" */;
			buildPhases = (
				C93109BE234B9D990070CD9A /* Sources */,
				C93109BF234B9D990070CD9A /* Frameworks */,
				C93109C0234B9D990070CD9A /* CopyFiles */,
			);
			buildRules = (
			);
			dependencies = (
			);
			name = UartSlipPrbsRxTest;
			productName = UartSlipPrbsTest;
			productReference = C93109C2234B9D990070CD9A /* UartSlipPrbsRxTest */;
			productType = "com.apple.product-type.tool";
		};
/* End PBXNativeTarget section */

/* Begin PBXProject section */
		C93109BA234B9D990070CD9A /* Project object */ = {
			isa = PBXProject;
			attributes = {
				LastUpgradeCheck = 1110;
				ORGANIZATIONNAME = "Hoan Hoang";
				TargetAttributes = {
					C93109C1234B9D990070CD9A = {
						CreatedOnToolsVersion = 11.0;
					};
				};
			};
			buildConfigurationList = C93109BD234B9D990070CD9A /* Build configuration list for PBXProject "UartSlipPrbsRxTest" */;
			compatibilityVersion = "Xcode 9.3";
			developmentRegion = en;
			hasScannedForEncodings = 0;
			knownRegions = (
				en,
				Base,
			);
			mainGroup = C93109B9234B9D990070CD9A;
			productRefGroup = C93109C3234B9D990070CD9A /* Products */;
			projectDirPath = "";
			projectRoot = "";
			targets = (
				C93109C1234B9D990070CD9A /* UartSlipPrbsRxTest */,
			);
		};
/* End PBXProject section */

/* Begin PBXSourcesBuildPhase section */
		C93109BE234B9D990070CD9A /* Sources */ = {
			isa = PBXSourcesBuildPhase;
			buildActionMask = 2147483647;
			files = (
				C9741F932360A190007CDDDB /* uart_slip_prbs_rx.cpp in Sources */,
			);
			runOnlyForDeploymentPostprocessing = 0;
		};
/* End PBXSourcesBuildPhase section */

/* Begin XCBuildConfiguration section */
		C93109C7234B9D990070CD9A /* Debug */ = {
			isa = XCBuildConfiguration;
			buildSettings = {
				ALWAYS_SEARCH_USER_PATHS = NO;
				CLANG_ANALYZER_NONNULL = YES;
				CLANG_ANALYZER_NUMBER_OBJECT_CONVERSION = YES_AGGRESSIVE;
				CLANG_CXX_LANGUAGE_STANDARD = "gnu++14";
				CLANG_CXX_LIBRARY = "libc++";
				CLANG_ENABLE_MODULES = YES;
				CLANG_ENABLE_OBJC_ARC = YES;
				CLANG_ENABLE_OBJC_WEAK = YES;
				CLANG_WARN_BLOCK_CAPTURE_AUTORELEASING = YES;
				CLANG_WARN_BOOL_CONVERSION = YES;
				CLANG_WARN_COMMA = YES;
				CLANG_WARN_CONSTANT_CONVERSION = YES;
				CLANG_WARN_DEPRECATED_OBJC_IMPLEMENTATIONS = YES;
				CLANG_WARN_DIRECT_OBJC_ISA_USAGE = YES_ERROR;
				CLANG_WARN_DOCUMENTATION_COMMENTS = YES;
				CLANG_WARN_EMPTY_BODY = YES;
				CLANG_WARN_ENUM_CONVERSION = YES;
				CLANG_WARN_INFINITE_RECURSION = YES;
				CLANG_WARN_INT_CONVERSION = YES;
				CLANG_WARN_NON_LITERAL_NULL_CONVERSION = YES;
				CLANG_WARN_OBJC_IMPLICIT_RETAIN_SELF = YES;
				CLANG_WARN_OBJC_LITERAL_CONVERSION = YES;
				CLANG_WARN_OBJC_ROOT_CLASS = YES_ERROR;
				CLANG_WARN_RANGE_LOOP_ANALYSIS = YES;
				CLANG_WARN_STRICT_PROTOTYPES = YES;
				CLANG_WARN_SUSPICIOUS_MOVE = YES;
				CLANG_WARN_UNGUARDED_AVAILABILITY = YES_AGGRESSIVE;
				CLANG_WARN_UNREACHABLE_CODE = YES;
				CLANG_WARN__DUPLICATE_METHOD_MATCH = YES;
				COPY_PHASE_STRIP = NO;
				DEBUG_INFORMATION_FORMAT = dwarf;
				ENABLE_STRICT_OBJC_MSGSEND = YES;
				ENABLE_TESTABILITY = YES;
				GCC_C_LANGUAGE_STANDARD = gnu11;
				GCC_DYNAMIC_NO_PIC = NO;
				GCC_NO_COMMON_BLOCKS = YES;
				GCC_OPTIMIZATION_LEVEL = 0;
				GCC_PREPROCESSOR_DEFINITIONS = (
					"DEBUG=1",
					"$(inherited)",
				);
				GCC_WARN_64_TO_32_BIT_CONVERSION = YES;
				GCC_WARN_ABOUT_RETURN_TYPE = YES_ERROR;
				GCC_WARN_UNDECLARED_SELECTOR = YES;
				GCC_WARN_UNINITIALIZED_AUTOS = YES_AGGRESSIVE;
				GCC_WARN_UNUSED_FUNCTION = YES;
				GCC_WARN_UNUSED_VARIABLE = YES;
				HEADER_SEARCH_PATHS = (
					../../../../include,
					../../../include,
				);
				LIBRARY_SEARCH_PATHS = ../../lib/DerivedData/Build/Products/Debug;
				MACOSX_DEPLOYMENT_TARGET = 10.14;
				MTL_ENABLE_DEBUG_INFO = INCLUDE_SOURCE;
				MTL_FAST_MATH = YES;
				ONLY_ACTIVE_ARCH = YES;
				SDKROOT = macosx;
			};
			name = Debug;
		};
		C93109C8234B9D990070CD9A /* Release */ = {
			isa = XCBuildConfiguration;
			buildSettings = {
				ALWAYS_SEARCH_USER_PATHS = NO;
				CLANG_ANALYZER_NONNULL = YES;
				CLANG_ANALYZER_NUMBER_OBJECT_CONVERSION = YES_AGGRESSIVE;
				CLANG_CXX_LANGUAGE_STANDARD = "gnu++14";
				CLANG_CXX_LIBRARY = "libc++";
				CLANG_ENABLE_MODULES = YES;
				CLANG_ENABLE_OBJC_ARC = YES;
				CLANG_ENABLE_OBJC_WEAK = YES;
				CLANG_WARN_BLOCK_CAPTURE_AUTORELEASING = YES;
				CLANG_WARN_BOOL_CONVERSION = YES;
				CLANG_WARN_COMMA = YES;
				CLANG_WARN_CONSTANT_CONVERSION = YES;
				CLANG_WARN_DEPRECATED_OBJC_IMPLEMENTATIONS = YES;
				CLANG_WARN_DIRECT_OBJC_ISA_USAGE = YES_ERROR;
				CLANG_WARN_DOCUMENTATION_COMMENTS = YES;
				CLANG_WARN_EMPTY_BODY = YES;
				CLANG_WARN_ENUM_CONVERSION = YES;
				CLANG_WARN_INFINITE_RECURSION = YES;
				CLANG_WARN_INT_CONVERSION = YES;
				CLANG_WARN_NON_LITERAL_NULL_CONVERSION = YES;
				CLANG_WARN_OBJC_IMPLICIT_RETAIN_SELF = YES;
				CLANG_WARN_OBJC_LITERAL_CONVERSION = YES;
				CLANG_WARN_OBJC_ROOT_CLASS = YES_ERROR;
				CLANG_WARN_RANGE_LOOP_ANALYSIS = YES;
				CLANG_WARN_STRICT_PROTOTYPES = YES;
				CLANG_WARN_SUSPICIOUS_MOVE = YES;
				CLANG_WARN_UNGUARDED_AVAILABILITY = YES_AGGRESSIVE;
				CLANG_WARN_UNREACHABLE_CODE = YES;
				CLANG_WARN__DUPLICATE_METHOD_MATCH = YES;
				COPY_PHASE_STRIP = NO;
				DEBUG_INFORMATION_FORMAT = "dwarf-with-dsym";
				ENABLE_NS_ASSERTIONS = NO;
				ENABLE_STRICT_OBJC_MSGSEND = YES;
				GCC_C_LANGUAGE_STANDARD = gnu11;
				GCC_NO_COMMON_BLOCKS = YES;
				GCC_WARN_64_TO_32_BIT_CONVERSION = YES;
				GCC_WARN_ABOUT_RETURN_TYPE = YES_ERROR;
				GCC_WARN_UNDECLARED_SELECTOR = YES;
				GCC_WARN_UNINITIALIZED_AUTOS = YES_AGGRESSIVE;
				GCC_WARN_UNUSED_FUNCTION = YES;
				GCC_WARN_UNUSED_VARIABLE = YES;
				HEADER_SEARCH_PATHS = (
					../../../../include,
					../../../include,
				);
				LIBRARY_SEARCH_PATHS = ../../lib/DerivedData/Build/Products/Release;
				MACOSX_DEPLOYMENT_TARGET = 10.14;
				MTL_ENABLE_DEBUG_INFO = NO;
				MTL_FAST_MATH = YES;
				SDKROOT = macosx;
			};
			name = Release;
		};
		C93109CA234B9D990070CD9A /* Debug */ = {
			isa = XCBuildConfiguration;
			buildSettings = {
				CODE_SIGN_IDENTITY = "-";
				CODE_SIGN_STYLE = Automatic;
				DEVELOPMENT_TEAM = "";
				ENABLE_HARDENED_RUNTIME = YES;
				LIBRARY_SEARCH_PATHS = ../../lib/DerivedData/Build/Products/Debug;
				PRODUCT_NAME = "$(TARGET_NAME)";
			};
			name = Debug;
		};
		C93109CB234B9D990070CD9A /* Release */ = {
			isa = XCBuildConfiguration;
			buildSettings = {
				CODE_SIGN_IDENTITY = "-";
				CODE_SIGN_STYLE = Automatic;
				DEVELOPMENT_TEAM = "";
				ENABLE_HARDENED_RUNTIME = YES;
				LIBRARY_SEARCH_PATHS = ../../lib/DerivedData/Build/Products/Release;
				PRODUCT_NAME = "$(TARGET_NAME)";
			};
			name = Release;
		};
/* End XCBuildConfiguration section */

/* Begin XCConfigurationList section */
		C93109BD234B9D990070CD9A /* Build configuration list for PBXProject "UartSlipPrbsRxTest" */ = {
			isa = XCConfigurationList;
			buildConfigurations = (
				C93109C7234B9D990070CD9A /* Debug */,
				C93109C8234B9D990070CD9A /* Release */,
			);
			defaultConfigurationIsVisible = 0;
			defaultConfigurationName = Release;
		};
		C93109C9234B9D990070CD9A /* Build configuration list for PBXNativeTarget "UartSlipPrbsRxTest" */ = {
			isa = XCConfigurationList;
			buildConfigurations = (
				C93109CA234B9D990070CD9A /* Debug */,
				C93109CB234B9D990070CD9A /* Release */,
			);
			defaultConfigurationIsVisible = 0;
			defaultConfigurationName = Release;
		};
/* End XCConfigurationList section */
	};
	rootObject = C93109BA234B9D990070CD9A /* Project object */;
}
